# This file is automatically @generated by Cargo.
# It is not intended for manual editing.
version = 3

[[package]]
name = "core-to-core-latency"
version = "0.1.0"
dependencies = [
 "core_affinity",
 "minstant",
]

[[package]]
name = "core_affinity"
version = "0.5.10"
source = "registry+https://github.com/rust-lang/crates.io-index"
checksum = "7f8a03115cc34fb0d7c321dd154a3914b3ca082ccc5c11d91bf7117dbbe7171f"
dependencies = [
 "kernel32-sys",
 "libc",
 "num_cpus",
 "winapi",
]

[[package]]
name = "ctor"
version = "0.1.23"
source = "registry+https://github.com/rust-lang/crates.io-index"
checksum = "cdffe87e1d521a10f9696f833fe502293ea446d7f256c06128293a4119bdf4cb"
dependencies = [
 "quote",
 "syn",
]

[[package]]
name = "hermit-abi"
version = "0.1.19"
source = "registry+https://github.com/rust-lang/crates.io-index"
checksum = "62b467343b94ba476dcb2500d242dadbb39557df889310ac77c5d99100aaac33"
dependencies = [
 "libc",
]

[[package]]
name = "kernel32-sys"
version = "0.2.2"
source = "registry+https://github.com/rust-lang/crates.io-index"
checksum = "7507624b29483431c0ba2d82aece8ca6cdba9382bff4ddd0f7490560c056098d"
dependencies = [
 "winapi",
 "winapi-build",
]

[[package]]
name = "libc"
version = "0.2.132"
source = "registry+https://github.com/rust-lang/crates.io-index"
checksum = "8371e4e5341c3a96db127eb2465ac681ced4c433e01dd0e938adbef26ba93ba5"

[[package]]
name = "minstant"
version = "0.1.2"
source = "registry+https://github.com/rust-lang/crates.io-index"
checksum = "bc5dcfca9a0725105ac948b84cfeb69c3942814c696326743797215413f854b9"
dependencies = [
 "ctor",
 "libc",
 "wasi",
]

[[package]]
name = "num_cpus"
version = "1.13.1"
source = "registry+https://github.com/rust-lang/crates.io-index"
checksum = "19e64526ebdee182341572e50e9ad03965aa510cd94427a4549448f285e957a1"
dependencies = [
 "hermit-abi",
 "libc",
]

[[package]]
name = "proc-macro2"
version = "1.0.43"
source = "registry+https://github.com/rust-lang/crates.io-index"
checksum = "0a2ca2c61bc9f3d74d2886294ab7b9853abd9c1ad903a3ac7815c58989bb7bab"
dependencies = [
 "unicode-ident",
]

[[package]]
name = "quote"
version = "1.0.21"
source = "registry+https://github.com/rust-lang/crates.io-index"
checksum = "bbe448f377a7d6961e30f5955f9b8d106c3f5e449d493ee1b125c1d43c2b5179"
dependencies = [
 "proc-macro2",
]

[[package]]
name = "syn"
version = "1.0.99"
source = "registry+https://github.com/rust-lang/crates.io-index"
checksum = "58dbef6ec655055e20b86b15a8cc6d439cca19b667537ac6a1369572d151ab13"
dependencies = [
 "proc-macro2",
 "quote",
 "unicode-ident",
]

[[package]]
name = "unicode-ident"
version = "1.0.4"
source = "registry+https://github.com/rust-lang/crates.io-index"
checksum = "dcc811dc4066ac62f84f11307873c4850cb653bfa9b1719cee2bd2204a4bc5dd"

[[package]]
name = "wasi"
version = "0.7.0"
source = "registry+https://github.com/rust-lang/crates.io-index"
checksum = "b89c3ce4ce14bdc6fb6beaf9ec7928ca331de5df7e5ea278375642a2f478570d"

[[package]]
name = "winapi"
version = "0.2.8"
source = "registry+https://github.com/rust-lang/crates.io-index"
checksum = "167dc9d6949a9b857f3451275e911c3f44255842c1f7a76f33c55103a909087a"

[[package]]
name = "winapi-build"
version = "0.1.1"
source = "registry+https://github.com/rust-lang/crates.io-index"
checksum = "2d315eee3b34aca4797b2da6b13ed88266e6d612562a0c46390af8299fc699bc"
